
Microsoft Visual Studio Solution File, Format Version 12.00
# Visual Studio Version 16
VisualStudioVersion = 16.0.30717.126
MinimumVisualStudioVersion = 10.0.40219.1
Project("{9A19103F-16F7-4668-BE54-9A1E7A4F7556}") = "Fluid", "Fluid\Fluid.csproj", "{C77FA7E5-480D-4733-AE3F-F7215D80F556}"
EndProject
Project("{FAE04EC0-301F-11D3-BF4B-00C04F79EFBC}") = "FluidLab", "FluidLab\FluidLab.csproj", "{D2FD9A7A-32F7-448E-8837-F8CD78B01C6E}"
EndProject
Global
	GlobalSection(SolutionConfigurationPlatforms) = preSolution
		Debug|Any CPU = Debug|Any CPU
		Release|Any CPU = Release|Any CPU
	EndGlobalSection
	GlobalSection(ProjectConfigurationPlatforms) = postSolution
		{C77FA7E5-480D-4733-AE3F-F7215D80F556}.Debug|Any CPU.ActiveCfg = Debug|Any CPU
		{C77FA7E5-480D-4733-AE3F-F7215D80F556}.Debug|Any CPU.Build.0 = Debug|Any CPU
		{C77FA7E5-480D-4733-AE3F-F7215D80F556}.Release|Any CPU.ActiveCfg = Release|Any CPU
		{C77FA7E5-480D-4733-AE3F-F7215D80F556}.Release|Any CPU.Build.0 = Release|Any CPU
		{D2FD9A7A-32F7-448E-8837-F8CD78B01C6E}.Debug|Any CPU.ActiveCfg = Debug|Any CPU
		{D2FD9A7A-32F7-448E-8837-F8CD78B01C6E}.Debug|Any CPU.Build.0 = Debug|Any CPU
		{D2FD9A7A-32F7-448E-8837-F8CD78B01C6E}.Release|Any CPU.ActiveCfg = Release|Any CPU
		{D2FD9A7A-32F7-448E-8837-F8CD78B01C6E}.Release|Any CPU.Build.0 = Release|Any CPU
	EndGlobalSection
	GlobalSection(SolutionProperties) = preSolution
		HideSolutionNode = FALSE
	EndGlobalSection
	GlobalSection(ExtensibilityGlobals) = postSolution
		SolutionGuid = {CD51EB39-5829-4E13-92AC-0516DA3A7CF4}
	EndGlobalSection
EndGlobal
